// !$*UTF8*$!
{
	archiveVersion = 1;
	classes = {
	};
	objectVersion = 46;
	objects = {

/* Begin PBXBuildFile section */
		0C1CE1091C4AE95700B95BF8 /* AXLocationExec.m in Sources */ = {isa = PBXBuildFile; fileRef = 0C1CE1081C4AE95700B95BF8 /* AXLocationExec.m */; };
		0C2AAFAA1CDBA41700BFD587 /* AXEvent.m in Sources */ = {isa = PBXBuildFile; fileRef = 0C2AAFA91CDBA41700BFD587 /* AXEvent.m */; };
		0C2AAFAD1CDBA8EE00BFD587 /* AXCourse.m in Sources */ = {isa = PBXBuildFile; fileRef = 0C2AAFAC1CDBA8EE00BFD587 /* AXCourse.m */; };
		0C5794411C48729300E35F4E /* AXEventViewController.m in Sources */ = {isa = PBXBuildFile; fileRef = 0C5794401C48729300E35F4E /* AXEventViewController.m */; };
		0C5794441C487AB400E35F4E /* AXSubmissionTableViewCell.m in Sources */ = {isa = PBXBuildFile; fileRef = 0C5794431C487AB400E35F4E /* AXSubmissionTableViewCell.m */; };
		0C5794481C4962FD00E35F4E /* AXLoginViewController.m in Sources */ = {isa = PBXBuildFile; fileRef = 0C5794471C4962FD00E35F4E /* AXLoginViewController.m */; };
		0C96B2551C377B8B000A78FB /* main.m in Sources */ = {isa = PBXBuildFile; fileRef = 0C96B2541C377B8B000A78FB /* main.m */; };
		0C96B2581C377B8B000A78FB /* AppDelegate.m in Sources */ = {isa = PBXBuildFile; fileRef = 0C96B2571C377B8B000A78FB /* AppDelegate.m */; };
		0C96B25A1C377B8B000A78FB /* Assets.xcassets in Resources */ = {isa = PBXBuildFile; fileRef = 0C96B2591C377B8B000A78FB /* Assets.xcassets */; };
		0C96B25D1C377B8C000A78FB /* LaunchScreen.storyboard in Resources */ = {isa = PBXBuildFile; fileRef = 0C96B25B1C377B8C000A78FB /* LaunchScreen.storyboard */; };
		0CB3EEE41C50A88A00A0C46A /* AXHTTPResponseSerializer.m in Sources */ = {isa = PBXBuildFile; fileRef = 0CB3EEE31C50A88A00A0C46A /* AXHTTPResponseSerializer.m */; };
		0CCEDE011C3B4838009F8C4D /* AXOverviewViewController.m in Sources */ = {isa = PBXBuildFile; fileRef = 0CCEDE001C3B4838009F8C4D /* AXOverviewViewController.m */; };
		0CCEDE051C3C44E8009F8C4D /* AXExec.m in Sources */ = {isa = PBXBuildFile; fileRef = 0CCEDE041C3C44E8009F8C4D /* AXExec.m */; };
		0CCEDE0C1C3C4678009F8C4D /* AXAPI.m in Sources */ = {isa = PBXBuildFile; fileRef = 0CCEDE0B1C3C4678009F8C4D /* AXAPI.m */; };
		0CCEDE0F1C3C6771009F8C4D /* AXContentSelectionToolbar.m in Sources */ = {isa = PBXBuildFile; fileRef = 0CCEDE0E1C3C6771009F8C4D /* AXContentSelectionToolbar.m */; };
		0CCEDE121C3C6929009F8C4D /* UIColor+Venue.m in Sources */ = {isa = PBXBuildFile; fileRef = 0CCEDE111C3C6929009F8C4D /* UIColor+Venue.m */; };
		0CCEDE191C3D8C81009F8C4D /* AXTableViewCell.m in Sources */ = {isa = PBXBuildFile; fileRef = 0CCEDE181C3D8C81009F8C4D /* AXTableViewCell.m */; };
		0CCEDE1C1C3D9F08009F8C4D /* AXCourseTableViewCell.m in Sources */ = {isa = PBXBuildFile; fileRef = 0CCEDE1B1C3D9F08009F8C4D /* AXCourseTableViewCell.m */; };
		0CCEDE201C3DB7FC009F8C4D /* UIFont+Venue.m in Sources */ = {isa = PBXBuildFile; fileRef = 0CCEDE1F1C3DB7FC009F8C4D /* UIFont+Venue.m */; };
		0CCEDE241C417FFA009F8C4D /* AXCourseViewController.m in Sources */ = {isa = PBXBuildFile; fileRef = 0CCEDE231C417FFA009F8C4D /* AXCourseViewController.m */; };
		0CCEDE271C41869D009F8C4D /* AXDetailViewController.m in Sources */ = {isa = PBXBuildFile; fileRef = 0CCEDE261C41869D009F8C4D /* AXDetailViewController.m */; };
		0CFBCA871C42CADB00303C89 /* AXEventTableViewCell.m in Sources */ = {isa = PBXBuildFile; fileRef = 0CFBCA861C42CADB00303C89 /* AXEventTableViewCell.m */; };
		388919711D29D3DA00487A28 /* UIImageView+Venue.m in Sources */ = {isa = PBXBuildFile; fileRef = 388919701D29D3DA00487A28 /* UIImageView+Venue.m */; };
		CBFFFE46D2F93678ADCBA5A1 /* libPods-Venue.a in Frameworks */ = {isa = PBXBuildFile; fileRef = 5F98FCAEE2165D2C2DFEBCE4 /* libPods-Venue.a */; };
/* End PBXBuildFile section */

/* Begin PBXFileReference section */
		0C1CE1071C4AE95700B95BF8 /* AXLocationExec.h */ = {isa = PBXFileReference; fileEncoding = 4; lastKnownFileType = sourcecode.c.h; path = AXLocationExec.h; sourceTree = "<group>"; };
		0C1CE1081C4AE95700B95BF8 /* AXLocationExec.m */ = {isa = PBXFileReference; fileEncoding = 4; lastKnownFileType = sourcecode.c.objc; path = AXLocationExec.m; sourceTree = "<group>"; };
		0C2AAFA81CDBA41700BFD587 /* AXEvent.h */ = {isa = PBXFileReference; fileEncoding = 4; lastKnownFileType = sourcecode.c.h; path = AXEvent.h; sourceTree = "<group>"; };
		0C2AAFA91CDBA41700BFD587 /* AXEvent.m */ = {isa = PBXFileReference; fileEncoding = 4; lastKnownFileType = sourcecode.c.objc; path = AXEvent.m; sourceTree = "<group>"; };
		0C2AAFAB1CDBA8EE00BFD587 /* AXCourse.h */ = {isa = PBXFileReference; fileEncoding = 4; lastKnownFileType = sourcecode.c.h; path = AXCourse.h; sourceTree = "<group>"; };
		0C2AAFAC1CDBA8EE00BFD587 /* AXCourse.m */ = {isa = PBXFileReference; fileEncoding = 4; lastKnownFileType = sourcecode.c.objc; path = AXCourse.m; sourceTree = "<group>"; };
		0C57943C1C42F8E600E35F4E /* AXDetailViewController.h */ = {isa = PBXFileReference; fileEncoding = 4; lastKnownFileType = sourcecode.c.h; path = AXDetailViewController.h; sourceTree = "<group>"; };
		0C57943F1C48729300E35F4E /* AXEventViewController.h */ = {isa = PBXFileReference; fileEncoding = 4; lastKnownFileType = sourcecode.c.h; path = AXEventViewController.h; sourceTree = "<group>"; };
		0C5794401C48729300E35F4E /* AXEventViewController.m */ = {isa = PBXFileReference; fileEncoding = 4; lastKnownFileType = sourcecode.c.objc; path = AXEventViewController.m; sourceTree = "<group>"; };
		0C5794421C487AB400E35F4E /* AXSubmissionTableViewCell.h */ = {isa = PBXFileReference; fileEncoding = 4; lastKnownFileType = sourcecode.c.h; path = AXSubmissionTableViewCell.h; sourceTree = "<group>"; };
		0C5794431C487AB400E35F4E /* AXSubmissionTableViewCell.m */ = {isa = PBXFileReference; fileEncoding = 4; lastKnownFileType = sourcecode.c.objc; path = AXSubmissionTableViewCell.m; sourceTree = "<group>"; };
		0C5794461C4962FD00E35F4E /* AXLoginViewController.h */ = {isa = PBXFileReference; fileEncoding = 4; lastKnownFileType = sourcecode.c.h; path = AXLoginViewController.h; sourceTree = "<group>"; };
		0C5794471C4962FD00E35F4E /* AXLoginViewController.m */ = {isa = PBXFileReference; fileEncoding = 4; lastKnownFileType = sourcecode.c.objc; path = AXLoginViewController.m; sourceTree = "<group>"; };
		0C96B2501C377B8B000A78FB /* Venue.app */ = {isa = PBXFileReference; explicitFileType = wrapper.application; includeInIndex = 0; path = Venue.app; sourceTree = BUILT_PRODUCTS_DIR; };
		0C96B2541C377B8B000A78FB /* main.m */ = {isa = PBXFileReference; lastKnownFileType = sourcecode.c.objc; path = main.m; sourceTree = "<group>"; };
		0C96B2561C377B8B000A78FB /* AppDelegate.h */ = {isa = PBXFileReference; lastKnownFileType = sourcecode.c.h; path = AppDelegate.h; sourceTree = "<group>"; };
		0C96B2571C377B8B000A78FB /* AppDelegate.m */ = {isa = PBXFileReference; lastKnownFileType = sourcecode.c.objc; path = AppDelegate.m; sourceTree = "<group>"; };
		0C96B2591C377B8B000A78FB /* Assets.xcassets */ = {isa = PBXFileReference; lastKnownFileType = folder.assetcatalog; path = Assets.xcassets; sourceTree = "<group>"; };
		0C96B25C1C377B8C000A78FB /* Base */ = {isa = PBXFileReference; lastKnownFileType = file.storyboard; name = Base; path = Base.lproj/LaunchScreen.storyboard; sourceTree = "<group>"; };
		0C96B25E1C377B8C000A78FB /* Info.plist */ = {isa = PBXFileReference; lastKnownFileType = text.plist.xml; path = Info.plist; sourceTree = "<group>"; };
		0CB3EEE21C50A88A00A0C46A /* AXHTTPResponseSerializer.h */ = {isa = PBXFileReference; fileEncoding = 4; lastKnownFileType = sourcecode.c.h; path = AXHTTPResponseSerializer.h; sourceTree = "<group>"; };
		0CB3EEE31C50A88A00A0C46A /* AXHTTPResponseSerializer.m */ = {isa = PBXFileReference; fileEncoding = 4; lastKnownFileType = sourcecode.c.objc; path = AXHTTPResponseSerializer.m; sourceTree = "<group>"; };
		0CCEDDFF1C3B4838009F8C4D /* AXOverviewViewController.h */ = {isa = PBXFileReference; fileEncoding = 4; lastKnownFileType = sourcecode.c.h; path = AXOverviewViewController.h; sourceTree = "<group>"; };
		0CCEDE001C3B4838009F8C4D /* AXOverviewViewController.m */ = {isa = PBXFileReference; fileEncoding = 4; lastKnownFileType = sourcecode.c.objc; path = AXOverviewViewController.m; sourceTree = "<group>"; };
		0CCEDE031C3C44E8009F8C4D /* AXExec.h */ = {isa = PBXFileReference; fileEncoding = 4; lastKnownFileType = sourcecode.c.h; path = AXExec.h; sourceTree = "<group>"; };
		0CCEDE041C3C44E8009F8C4D /* AXExec.m */ = {isa = PBXFileReference; fileEncoding = 4; lastKnownFileType = sourcecode.c.objc; path = AXExec.m; sourceTree = "<group>"; };
		0CCEDE0A1C3C4678009F8C4D /* AXAPI.h */ = {isa = PBXFileReference; fileEncoding = 4; lastKnownFileType = sourcecode.c.h; path = AXAPI.h; sourceTree = "<group>"; };
		0CCEDE0B1C3C4678009F8C4D /* AXAPI.m */ = {isa = PBXFileReference; fileEncoding = 4; lastKnownFileType = sourcecode.c.objc; path = AXAPI.m; sourceTree = "<group>"; };
		0CCEDE0D1C3C6771009F8C4D /* AXContentSelectionToolbar.h */ = {isa = PBXFileReference; fileEncoding = 4; lastKnownFileType = sourcecode.c.h; path = AXContentSelectionToolbar.h; sourceTree = "<group>"; };
		0CCEDE0E1C3C6771009F8C4D /* AXContentSelectionToolbar.m */ = {isa = PBXFileReference; fileEncoding = 4; lastKnownFileType = sourcecode.c.objc; path = AXContentSelectionToolbar.m; sourceTree = "<group>"; };
		0CCEDE101C3C6929009F8C4D /* UIColor+Venue.h */ = {isa = PBXFileReference; fileEncoding = 4; lastKnownFileType = sourcecode.c.h; path = "UIColor+Venue.h"; sourceTree = "<group>"; };
		0CCEDE111C3C6929009F8C4D /* UIColor+Venue.m */ = {isa = PBXFileReference; fileEncoding = 4; lastKnownFileType = sourcecode.c.objc; path = "UIColor+Venue.m"; sourceTree = "<group>"; };
		0CCEDE171C3D8C80009F8C4D /* AXTableViewCell.h */ = {isa = PBXFileReference; fileEncoding = 4; lastKnownFileType = sourcecode.c.h; path = AXTableViewCell.h; sourceTree = "<group>"; };
		0CCEDE181C3D8C81009F8C4D /* AXTableViewCell.m */ = {isa = PBXFileReference; fileEncoding = 4; lastKnownFileType = sourcecode.c.objc; path = AXTableViewCell.m; sourceTree = "<group>"; };
		0CCEDE1A1C3D9F08009F8C4D /* AXCourseTableViewCell.h */ = {isa = PBXFileReference; fileEncoding = 4; lastKnownFileType = sourcecode.c.h; path = AXCourseTableViewCell.h; sourceTree = "<group>"; };
		0CCEDE1B1C3D9F08009F8C4D /* AXCourseTableViewCell.m */ = {isa = PBXFileReference; fileEncoding = 4; lastKnownFileType = sourcecode.c.objc; path = AXCourseTableViewCell.m; sourceTree = "<group>"; };
		0CCEDE1E1C3DB7FC009F8C4D /* UIFont+Venue.h */ = {isa = PBXFileReference; fileEncoding = 4; lastKnownFileType = sourcecode.c.h; path = "UIFont+Venue.h"; sourceTree = "<group>"; };
		0CCEDE1F1C3DB7FC009F8C4D /* UIFont+Venue.m */ = {isa = PBXFileReference; fileEncoding = 4; lastKnownFileType = sourcecode.c.objc; path = "UIFont+Venue.m"; sourceTree = "<group>"; };
		0CCEDE221C417FFA009F8C4D /* AXCourseViewController.h */ = {isa = PBXFileReference; fileEncoding = 4; lastKnownFileType = sourcecode.c.h; path = AXCourseViewController.h; sourceTree = "<group>"; };
		0CCEDE231C417FFA009F8C4D /* AXCourseViewController.m */ = {isa = PBXFileReference; fileEncoding = 4; lastKnownFileType = sourcecode.c.objc; path = AXCourseViewController.m; sourceTree = "<group>"; };
		0CCEDE261C41869D009F8C4D /* AXDetailViewController.m */ = {isa = PBXFileReference; fileEncoding = 4; lastKnownFileType = sourcecode.c.objc; path = AXDetailViewController.m; sourceTree = "<group>"; };
		0CFBCA851C42CADB00303C89 /* AXEventTableViewCell.h */ = {isa = PBXFileReference; fileEncoding = 4; lastKnownFileType = sourcecode.c.h; path = AXEventTableViewCell.h; sourceTree = "<group>"; };
		0CFBCA861C42CADB00303C89 /* AXEventTableViewCell.m */ = {isa = PBXFileReference; fileEncoding = 4; lastKnownFileType = sourcecode.c.objc; path = AXEventTableViewCell.m; sourceTree = "<group>"; };
		0CFBCA881C42F72100303C89 /* Venue-Prefix.pch */ = {isa = PBXFileReference; fileEncoding = 4; lastKnownFileType = sourcecode.c.h; path = "Venue-Prefix.pch"; sourceTree = "<group>"; };
		1A7321405665B8BA97EC6248 /* Pods-Venue.debug.xcconfig */ = {isa = PBXFileReference; includeInIndex = 1; lastKnownFileType = text.xcconfig; name = "Pods-Venue.debug.xcconfig"; path = "Pods/Target Support Files/Pods-Venue/Pods-Venue.debug.xcconfig"; sourceTree = "<group>"; };
		3889196F1D29D1D200487A28 /* UIImageView+Venue.h */ = {isa = PBXFileReference; fileEncoding = 4; lastKnownFileType = sourcecode.c.h; path = "UIImageView+Venue.h"; sourceTree = "<group>"; };
		388919701D29D3DA00487A28 /* UIImageView+Venue.m */ = {isa = PBXFileReference; fileEncoding = 4; lastKnownFileType = sourcecode.c.objc; path = "UIImageView+Venue.m"; sourceTree = "<group>"; };
		5F98FCAEE2165D2C2DFEBCE4 /* libPods-Venue.a */ = {isa = PBXFileReference; explicitFileType = archive.ar; includeInIndex = 0; path = "libPods-Venue.a"; sourceTree = BUILT_PRODUCTS_DIR; };
		D24AADDD30FEF4F7F645AE41 /* Pods-Venue.release.xcconfig */ = {isa = PBXFileReference; includeInIndex = 1; lastKnownFileType = text.xcconfig; name = "Pods-Venue.release.xcconfig"; path = "Pods/Target Support Files/Pods-Venue/Pods-Venue.release.xcconfig"; sourceTree = "<group>"; };
/* End PBXFileReference section */

/* Begin PBXFrameworksBuildPhase section */
		0C96B24D1C377B8B000A78FB /* Frameworks */ = {
			isa = PBXFrameworksBuildPhase;
			buildActionMask = 2147483647;
			files = (
				CBFFFE46D2F93678ADCBA5A1 /* libPods-Venue.a in Frameworks */,
			);
			runOnlyForDeploymentPostprocessing = 0;
		};
/* End PBXFrameworksBuildPhase section */

/* Begin PBXGroup section */
		0C2AAFA71CDBA3F000BFD587 /* Data */ = {
			isa = PBXGroup;
			children = (
				0C2AAFA81CDBA41700BFD587 /* AXEvent.h */,
				0C2AAFA91CDBA41700BFD587 /* AXEvent.m */,
				0C2AAFAB1CDBA8EE00BFD587 /* AXCourse.h */,
				0C2AAFAC1CDBA8EE00BFD587 /* AXCourse.m */,
			);
			name = Data;
			sourceTree = "<group>";
		};
		0C57943E1C48727E00E35F4E /* Event */ = {
			isa = PBXGroup;
			children = (
				0C57943F1C48729300E35F4E /* AXEventViewController.h */,
				0C5794401C48729300E35F4E /* AXEventViewController.m */,
			);
			path = Event;
			sourceTree = "<group>";
		};
		0C5794451C4962D800E35F4E /* Login */ = {
			isa = PBXGroup;
			children = (
				0C5794461C4962FD00E35F4E /* AXLoginViewController.h */,
				0C5794471C4962FD00E35F4E /* AXLoginViewController.m */,
			);
			path = Login;
			sourceTree = "<group>";
		};
		0C96B2471C377B8B000A78FB = {
			isa = PBXGroup;
			children = (
				0C96B2521C377B8B000A78FB /* Venue */,
				0C96B2511C377B8B000A78FB /* Products */,
				2A867F5F973353D1A897CCB4 /* Pods */,
				3CFD8D5AE53902086A6DA376 /* Frameworks */,
			);
			sourceTree = "<group>";
		};
		0C96B2511C377B8B000A78FB /* Products */ = {
			isa = PBXGroup;
			children = (
				0C96B2501C377B8B000A78FB /* Venue.app */,
			);
			name = Products;
			sourceTree = "<group>";
		};
		0C96B2521C377B8B000A78FB /* Venue */ = {
			isa = PBXGroup;
			children = (
				0C2AAFA71CDBA3F000BFD587 /* Data */,
				0CCEDE061C3C44EE009F8C4D /* Managers */,
				0CCEDE211C417F76009F8C4D /* Course */,
				0C57943E1C48727E00E35F4E /* Event */,
				0C5794451C4962D800E35F4E /* Login */,
				0CCEDE021C3B4874009F8C4D /* Overview */,
				0CCEDE161C3D8C66009F8C4D /* Cells */,
				0CCEDE1D1C3D9F17009F8C4D /* Templates */,
				0C96B2561C377B8B000A78FB /* AppDelegate.h */,
				0C96B2571C377B8B000A78FB /* AppDelegate.m */,
				0C96B2591C377B8B000A78FB /* Assets.xcassets */,
				0C96B25E1C377B8C000A78FB /* Info.plist */,
				0C96B25B1C377B8C000A78FB /* LaunchScreen.storyboard */,
				0CFBCA881C42F72100303C89 /* Venue-Prefix.pch */,
				0C96B2531C377B8B000A78FB /* Supporting Files */,
			);
			path = Venue;
			sourceTree = "<group>";
		};
		0C96B2531C377B8B000A78FB /* Supporting Files */ = {
			isa = PBXGroup;
			children = (
				0C96B2541C377B8B000A78FB /* main.m */,
			);
			path = "Supporting Files";
			sourceTree = "<group>";
		};
		0CCEDE021C3B4874009F8C4D /* Overview */ = {
			isa = PBXGroup;
			children = (
				0CCEDE0D1C3C6771009F8C4D /* AXContentSelectionToolbar.h */,
				0CCEDE0E1C3C6771009F8C4D /* AXContentSelectionToolbar.m */,
				0CCEDDFF1C3B4838009F8C4D /* AXOverviewViewController.h */,
				0CCEDE001C3B4838009F8C4D /* AXOverviewViewController.m */,
			);
			path = Overview;
			sourceTree = "<group>";
		};
		0CCEDE061C3C44EE009F8C4D /* Managers */ = {
			isa = PBXGroup;
			children = (
				0CCEDE0A1C3C4678009F8C4D /* AXAPI.h */,
				0CCEDE0B1C3C4678009F8C4D /* AXAPI.m */,
				0CCEDE031C3C44E8009F8C4D /* AXExec.h */,
				0CCEDE041C3C44E8009F8C4D /* AXExec.m */,
				0CB3EEE21C50A88A00A0C46A /* AXHTTPResponseSerializer.h */,
				0CB3EEE31C50A88A00A0C46A /* AXHTTPResponseSerializer.m */,
				0C1CE1071C4AE95700B95BF8 /* AXLocationExec.h */,
				0C1CE1081C4AE95700B95BF8 /* AXLocationExec.m */,
				0CCEDE101C3C6929009F8C4D /* UIColor+Venue.h */,
				0CCEDE111C3C6929009F8C4D /* UIColor+Venue.m */,
				0CCEDE1E1C3DB7FC009F8C4D /* UIFont+Venue.h */,
				0CCEDE1F1C3DB7FC009F8C4D /* UIFont+Venue.m */,
				3889196F1D29D1D200487A28 /* UIImageView+Venue.h */,
				388919701D29D3DA00487A28 /* UIImageView+Venue.m */,
			);
			path = Managers;
			sourceTree = "<group>";
		};
		0CCEDE161C3D8C66009F8C4D /* Cells */ = {
			isa = PBXGroup;
			children = (
				0CCEDE1A1C3D9F08009F8C4D /* AXCourseTableViewCell.h */,
				0CCEDE1B1C3D9F08009F8C4D /* AXCourseTableViewCell.m */,
				0CFBCA851C42CADB00303C89 /* AXEventTableViewCell.h */,
				0CFBCA861C42CADB00303C89 /* AXEventTableViewCell.m */,
				0C5794421C487AB400E35F4E /* AXSubmissionTableViewCell.h */,
				0C5794431C487AB400E35F4E /* AXSubmissionTableViewCell.m */,
			);
			path = Cells;
			sourceTree = "<group>";
		};
		0CCEDE1D1C3D9F17009F8C4D /* Templates */ = {
			isa = PBXGroup;
			children = (
				0C57943C1C42F8E600E35F4E /* AXDetailViewController.h */,
				0CCEDE261C41869D009F8C4D /* AXDetailViewController.m */,
				0CCEDE171C3D8C80009F8C4D /* AXTableViewCell.h */,
				0CCEDE181C3D8C81009F8C4D /* AXTableViewCell.m */,
			);
			path = Templates;
			sourceTree = "<group>";
		};
		0CCEDE211C417F76009F8C4D /* Course */ = {
			isa = PBXGroup;
			children = (
				0CCEDE221C417FFA009F8C4D /* AXCourseViewController.h */,
				0CCEDE231C417FFA009F8C4D /* AXCourseViewController.m */,
			);
			path = Course;
			sourceTree = "<group>";
		};
		2A867F5F973353D1A897CCB4 /* Pods */ = {
			isa = PBXGroup;
			children = (
				1A7321405665B8BA97EC6248 /* Pods-Venue.debug.xcconfig */,
				D24AADDD30FEF4F7F645AE41 /* Pods-Venue.release.xcconfig */,
			);
			name = Pods;
			sourceTree = "<group>";
		};
		3CFD8D5AE53902086A6DA376 /* Frameworks */ = {
			isa = PBXGroup;
			children = (
				5F98FCAEE2165D2C2DFEBCE4 /* libPods-Venue.a */,
			);
			name = Frameworks;
			sourceTree = "<group>";
		};
/* End PBXGroup section */

/* Begin PBXNativeTarget section */
		0C96B24F1C377B8B000A78FB /* Venue */ = {
			isa = PBXNativeTarget;
			buildConfigurationList = 0C96B2611C377B8C000A78FB /* Build configuration list for PBXNativeTarget "Venue" */;
			buildPhases = (
				2DA2E83F068306042349CD2D /* [CP] Check Pods Manifest.lock */,
				0C96B24C1C377B8B000A78FB /* Sources */,
				0C96B24D1C377B8B000A78FB /* Frameworks */,
				0C96B24E1C377B8B000A78FB /* Resources */,
				5FFACF1412B90A3C1327E0EB /* [CP] Embed Pods Frameworks */,
				57AA0DE5F6B8225BBE9BA715 /* [CP] Copy Pods Resources */,
				0C1705BD1D0352D8001B6DF6 /* Fabric Script */,
			);
			buildRules = (
			);
			dependencies = (
			);
			name = Venue;
			productName = Venue;
			productReference = 0C96B2501C377B8B000A78FB /* Venue.app */;
			productType = "com.apple.product-type.application";
		};
/* End PBXNativeTarget section */

/* Begin PBXProject section */
		0C96B2481C377B8B000A78FB /* Project object */ = {
			isa = PBXProject;
			attributes = {
				LastUpgradeCheck = 0720;
				ORGANIZATIONNAME = JimBoulter;
				TargetAttributes = {
					0C96B24F1C377B8B000A78FB = {
						CreatedOnToolsVersion = 7.2;
						DevelopmentTeam = 226W9978N7;
					};
				};
			};
			buildConfigurationList = 0C96B24B1C377B8B000A78FB /* Build configuration list for PBXProject "Venue" */;
			compatibilityVersion = "Xcode 3.2";
			developmentRegion = English;
			hasScannedForEncodings = 0;
			knownRegions = (
				en,
				Base,
			);
			mainGroup = 0C96B2471C377B8B000A78FB;
			productRefGroup = 0C96B2511C377B8B000A78FB /* Products */;
			projectDirPath = "";
			projectRoot = "";
			targets = (
				0C96B24F1C377B8B000A78FB /* Venue */,
			);
		};
/* End PBXProject section */

/* Begin PBXResourcesBuildPhase section */
		0C96B24E1C377B8B000A78FB /* Resources */ = {
			isa = PBXResourcesBuildPhase;
			buildActionMask = 2147483647;
			files = (
				0C96B25A1C377B8B000A78FB /* Assets.xcassets in Resources */,
				0C96B25D1C377B8C000A78FB /* LaunchScreen.storyboard in Resources */,
			);
			runOnlyForDeploymentPostprocessing = 0;
		};
/* End PBXResourcesBuildPhase section */

/* Begin PBXShellScriptBuildPhase section */
		0C1705BD1D0352D8001B6DF6 /* Fabric Script */ = {
			isa = PBXShellScriptBuildPhase;
			buildActionMask = 2147483647;
			files = (
			);
			inputPaths = (
			);
			name = "Fabric Script";
			outputPaths = (
			);
			runOnlyForDeploymentPostprocessing = 0;
			shellPath = /bin/sh;
			shellScript = "\"${PODS_ROOT}/Fabric/run\" 3e8dda1b3ab7f4e79c9ac83aab26d3847cddd626 19b3179521c98c52b43c93a5c864048d81a9e5499b1f7436479a8c41abb1c2d9";
		};
		2DA2E83F068306042349CD2D /* [CP] Check Pods Manifest.lock */ = {
			isa = PBXShellScriptBuildPhase;
			buildActionMask = 2147483647;
			files = (
			);
			inputPaths = (
			);
			name = "[CP] Check Pods Manifest.lock";
			outputPaths = (
			);
			runOnlyForDeploymentPostprocessing = 0;
			shellPath = /bin/sh;
			shellScript = "diff \"${PODS_ROOT}/../Podfile.lock\" \"${PODS_ROOT}/Manifest.lock\" > /dev/null\nif [[ $? != 0 ]] ; then\n    cat << EOM\nerror: The sandbox is not in sync with the Podfile.lock. Run 'pod install' or update your CocoaPods installation.\nEOM\n    exit 1\nfi\n";
			showEnvVarsInLog = 0;
		};
		57AA0DE5F6B8225BBE9BA715 /* [CP] Copy Pods Resources */ = {
			isa = PBXShellScriptBuildPhase;
			buildActionMask = 2147483647;
			files = (
			);
			inputPaths = (
			);
			name = "[CP] Copy Pods Resources";
			outputPaths = (
			);
			runOnlyForDeploymentPostprocessing = 0;
			shellPath = /bin/sh;
			shellScript = "\"${SRCROOT}/Pods/Target Support Files/Pods-Venue/Pods-Venue-resources.sh\"\n";
			showEnvVarsInLog = 0;
		};
		5FFACF1412B90A3C1327E0EB /* [CP] Embed Pods Frameworks */ = {
			isa = PBXShellScriptBuildPhase;
			buildActionMask = 2147483647;
			files = (
			);
			inputPaths = (
			);
			name = "[CP] Embed Pods Frameworks";
			outputPaths = (
			);
			runOnlyForDeploymentPostprocessing = 0;
			shellPath = /bin/sh;
			shellScript = "\"${SRCROOT}/Pods/Target Support Files/Pods-Venue/Pods-Venue-frameworks.sh\"\n";
			showEnvVarsInLog = 0;
		};
/* End PBXShellScriptBuildPhase section */

/* Begin PBXSourcesBuildPhase section */
		0C96B24C1C377B8B000A78FB /* Sources */ = {
			isa = PBXSourcesBuildPhase;
			buildActionMask = 2147483647;
			files = (
				0CCEDE191C3D8C81009F8C4D /* AXTableViewCell.m in Sources */,
				0C96B2581C377B8B000A78FB /* AppDelegate.m in Sources */,
				0CCEDE0C1C3C4678009F8C4D /* AXAPI.m in Sources */,
				0C2AAFAD1CDBA8EE00BFD587 /* AXCourse.m in Sources */,
				0C2AAFAA1CDBA41700BFD587 /* AXEvent.m in Sources */,
				0C5794481C4962FD00E35F4E /* AXLoginViewController.m in Sources */,
				0CCEDE1C1C3D9F08009F8C4D /* AXCourseTableViewCell.m in Sources */,
				0CCEDE051C3C44E8009F8C4D /* AXExec.m in Sources */,
				0CCEDE0F1C3C6771009F8C4D /* AXContentSelectionToolbar.m in Sources */,
				0C1CE1091C4AE95700B95BF8 /* AXLocationExec.m in Sources */,
				0C5794411C48729300E35F4E /* AXEventViewController.m in Sources */,
				0CCEDE241C417FFA009F8C4D /* AXCourseViewController.m in Sources */,
				0C5794441C487AB400E35F4E /* AXSubmissionTableViewCell.m in Sources */,
				388919711D29D3DA00487A28 /* UIImageView+Venue.m in Sources */,
				0CB3EEE41C50A88A00A0C46A /* AXHTTPResponseSerializer.m in Sources */,
				0CFBCA871C42CADB00303C89 /* AXEventTableViewCell.m in Sources */,
				0C96B2551C377B8B000A78FB /* main.m in Sources */,
				0CCEDE121C3C6929009F8C4D /* UIColor+Venue.m in Sources */,
				0CCEDE201C3DB7FC009F8C4D /* UIFont+Venue.m in Sources */,
				0CCEDE271C41869D009F8C4D /* AXDetailViewController.m in Sources */,
				0CCEDE011C3B4838009F8C4D /* AXOverviewViewController.m in Sources */,
			);
			runOnlyForDeploymentPostprocessing = 0;
		};
/* End PBXSourcesBuildPhase section */

/* Begin PBXVariantGroup section */
		0C96B25B1C377B8C000A78FB /* LaunchScreen.storyboard */ = {
			isa = PBXVariantGroup;
			children = (
				0C96B25C1C377B8C000A78FB /* Base */,
			);
			name = LaunchScreen.storyboard;
			path = .;
			sourceTree = "<group>";
		};
/* End PBXVariantGroup section */

/* Begin XCBuildConfiguration section */
		0C96B25F1C377B8C000A78FB /* Debug */ = {
			isa = XCBuildConfiguration;
			buildSettings = {
				ALWAYS_SEARCH_USER_PATHS = NO;
				CLANG_CXX_LANGUAGE_STANDARD = "gnu++0x";
				CLANG_CXX_LIBRARY = "libc++";
				CLANG_ENABLE_MODULES = YES;
				CLANG_ENABLE_OBJC_ARC = YES;
				CLANG_WARN_BOOL_CONVERSION = YES;
				CLANG_WARN_CONSTANT_CONVERSION = YES;
				CLANG_WARN_DIRECT_OBJC_ISA_USAGE = YES_ERROR;
				CLANG_WARN_EMPTY_BODY = YES;
				CLANG_WARN_ENUM_CONVERSION = YES;
				CLANG_WARN_INT_CONVERSION = YES;
				CLANG_WARN_OBJC_ROOT_CLASS = YES_ERROR;
				CLANG_WARN_UNREACHABLE_CODE = YES;
				CLANG_WARN__DUPLICATE_METHOD_MATCH = YES;
				"CODE_SIGN_IDENTITY[sdk=iphoneos*]" = "iPhone Developer";
				COPY_PHASE_STRIP = NO;
				DEBUG_INFORMATION_FORMAT = dwarf;
				ENABLE_STRICT_OBJC_MSGSEND = YES;
				ENABLE_TESTABILITY = YES;
				GCC_C_LANGUAGE_STANDARD = gnu99;
				GCC_DYNAMIC_NO_PIC = NO;
				GCC_NO_COMMON_BLOCKS = YES;
				GCC_OPTIMIZATION_LEVEL = 0;
				GCC_PREPROCESSOR_DEFINITIONS = (
					"DEBUG=1",
					"$(inherited)",
				);
				GCC_WARN_64_TO_32_BIT_CONVERSION = YES;
				GCC_WARN_ABOUT_RETURN_TYPE = YES_ERROR;
				GCC_WARN_UNDECLARED_SELECTOR = YES;
				GCC_WARN_UNINITIALIZED_AUTOS = YES_AGGRESSIVE;
				GCC_WARN_UNUSED_FUNCTION = YES;
				GCC_WARN_UNUSED_VARIABLE = YES;
				IPHONEOS_DEPLOYMENT_TARGET = 9.2;
				MTL_ENABLE_DEBUG_INFO = YES;
				ONLY_ACTIVE_ARCH = YES;
				SDKROOT = iphoneos;
				TARGETED_DEVICE_FAMILY = "1,2";
			};
			name = Debug;
		};
		0C96B2601C377B8C000A78FB /* Release */ = {
			isa = XCBuildConfiguration;
			buildSettings = {
				ALWAYS_SEARCH_USER_PATHS = NO;
				CLANG_CXX_LANGUAGE_STANDARD = "gnu++0x";
				CLANG_CXX_LIBRARY = "libc++";
				CLANG_ENABLE_MODULES = YES;
				CLANG_ENABLE_OBJC_ARC = YES;
				CLANG_WARN_BOOL_CONVERSION = YES;
				CLANG_WARN_CONSTANT_CONVERSION = YES;
				CLANG_WARN_DIRECT_OBJC_ISA_USAGE = YES_ERROR;
				CLANG_WARN_EMPTY_BODY = YES;
				CLANG_WARN_ENUM_CONVERSION = YES;
				CLANG_WARN_INT_CONVERSION = YES;
				CLANG_WARN_OBJC_ROOT_CLASS = YES_ERROR;
				CLANG_WARN_UNREACHABLE_CODE = YES;
				CLANG_WARN__DUPLICATE_METHOD_MATCH = YES;
				"CODE_SIGN_IDENTITY[sdk=iphoneos*]" = "iPhone Developer";
				COPY_PHASE_STRIP = NO;
				DEBUG_INFORMATION_FORMAT = "dwarf-with-dsym";
				ENABLE_NS_ASSERTIONS = NO;
				ENABLE_STRICT_OBJC_MSGSEND = YES;
				GCC_C_LANGUAGE_STANDARD = gnu99;
				GCC_NO_COMMON_BLOCKS = YES;
				GCC_WARN_64_TO_32_BIT_CONVERSION = YES;
				GCC_WARN_ABOUT_RETURN_TYPE = YES_ERROR;
				GCC_WARN_UNDECLARED_SELECTOR = YES;
				GCC_WARN_UNINITIALIZED_AUTOS = YES_AGGRESSIVE;
				GCC_WARN_UNUSED_FUNCTION = YES;
				GCC_WARN_UNUSED_VARIABLE = YES;
				IPHONEOS_DEPLOYMENT_TARGET = 9.2;
				MTL_ENABLE_DEBUG_INFO = NO;
				SDKROOT = iphoneos;
				TARGETED_DEVICE_FAMILY = "1,2";
				VALIDATE_PRODUCT = YES;
			};
			name = Release;
		};
		0C96B2621C377B8C000A78FB /* Debug */ = {
			isa = XCBuildConfiguration;
			baseConfigurationReference = 1A7321405665B8BA97EC6248 /* Pods-Venue.debug.xcconfig */;
			buildSettings = {
				ASSETCATALOG_COMPILER_APPICON_NAME = AppIcon;
				CODE_SIGN_IDENTITY = "iPhone Developer";
				"CODE_SIGN_IDENTITY[sdk=iphoneos*]" = "iPhone Developer";
				GCC_PREFIX_HEADER = "Venue-Prefix.pch";
				INFOPLIST_FILE = Venue/Info.plist;
				IPHONEOS_DEPLOYMENT_TARGET = 9.0;
				LD_RUNPATH_SEARCH_PATHS = "$(inherited) @executable_path/Frameworks";
				OTHER_CODE_SIGN_FLAGS = "";
				PRODUCT_BUNDLE_IDENTIFIER = com.jimboulter.Venue;
				PRODUCT_NAME = "$(TARGET_NAME)";
				PROVISIONING_PROFILE = "";
				WARNING_CFLAGS = (
					"-Wall",
					"-Werror",
				);
			};
			name = Debug;
		};
		0C96B2631C377B8C000A78FB /* Release */ = {
			isa = XCBuildConfiguration;
			baseConfigurationReference = D24AADDD30FEF4F7F645AE41 /* Pods-Venue.release.xcconfig */;
			buildSettings = {
				ASSETCATALOG_COMPILER_APPICON_NAME = AppIcon;
				CODE_SIGN_IDENTITY = "iPhone Developer";
				"CODE_SIGN_IDENTITY[sdk=iphoneos*]" = "iPhone Developer";
				GCC_PREFIX_HEADER = "Venue-Prefix.pch";
				INFOPLIST_FILE = Venue/Info.plist;
				IPHONEOS_DEPLOYMENT_TARGET = 9.0;
				LD_RUNPATH_SEARCH_PATHS = "$(inherited) @executable_path/Frameworks";
				OTHER_CODE_SIGN_FLAGS = "";
				PRODUCT_BUNDLE_IDENTIFIER = com.jimboulter.Venue;
				PRODUCT_NAME = "$(TARGET_NAME)";
				PROVISIONING_PROFILE = "";
				WARNING_CFLAGS = (
					"-Wall",
					"-Werror",
				);
			};
			name = Release;
		};
/* End XCBuildConfiguration section */

/* Begin XCConfigurationList section */
		0C96B24B1C377B8B000A78FB /* Build configuration list for PBXProject "Venue" */ = {
			isa = XCConfigurationList;
			buildConfigurations = (
				0C96B25F1C377B8C000A78FB /* Debug */,
				0C96B2601C377B8C000A78FB /* Release */,
			);
			defaultConfigurationIsVisible = 0;
			defaultConfigurationName = Release;
		};
		0C96B2611C377B8C000A78FB /* Build configuration list for PBXNativeTarget "Venue" */ = {
			isa = XCConfigurationList;
			buildConfigurations = (
				0C96B2621C377B8C000A78FB /* Debug */,
				0C96B2631C377B8C000A78FB /* Release */,
			);
			defaultConfigurationIsVisible = 0;
			defaultConfigurationName = Release;
		};
/* End XCConfigurationList section */
	};
	rootObject = 0C96B2481C377B8B000A78FB /* Project object */;
}
